
Microsoft Visual Studio Solution File, Format Version 12.00
# Visual Studio Version 17
VisualStudioVersion = 17.5.001.0
MinimumVisualStudioVersion = 10.0.40219.1
Project("{9A19103F-16F7-4668-BE54-9A1E7A4F7556}") = "task_json", "task_json.csproj", "{13783B13-4DBF-41E8-AEF2-7951B0D66747}"
EndProject
Global
	GlobalSection(SolutionConfigurationPlatforms) = preSolution
		Debug|Any CPU = Debug|Any CPU
		Release|Any CPU = Release|Any CPU
	EndGlobalSection
	GlobalSection(ProjectConfigurationPlatforms) = postSolution
		{13783B13-4DBF-41E8-AEF2-7951B0D66747}.Debug|Any CPU.ActiveCfg = Debug|Any CPU
		{13783B13-4DBF-41E8-AEF2-7951B0D66747}.Debug|Any CPU.Build.0 = Debug|Any CPU
		{13783B13-4DBF-41E8-AEF2-7951B0D66747}.Release|Any CPU.ActiveCfg = Release|Any CPU
		{13783B13-4DBF-41E8-AEF2-7951B0D66747}.Release|Any CPU.Build.0 = Release|Any CPU
	EndGlobalSection
	GlobalSection(SolutionProperties) = preSolution
		HideSolutionNode = FALSE
	EndGlobalSection
	GlobalSection(ExtensibilityGlobals) = postSolution
		SolutionGuid = {600ABE4E-9A2D-4D23-8DA1-E7B545BF2658}
	EndGlobalSection
EndGlobal
